// !$*UTF8*$!
{
	archiveVersion = 1;
	classes = {
	};
	objectVersion = 46;
	objects = {

/* Begin PBXBuildFile section */
		030EDC221CEBD9820090B3BC /* AppDelegate.swift in Sources */ = {isa = PBXBuildFile; fileRef = 030EDC211CEBD9820090B3BC /* AppDelegate.swift */; };
		030EDC241CEBD9820090B3BC /* ViewController.swift in Sources */ = {isa = PBXBuildFile; fileRef = 030EDC231CEBD9820090B3BC /* ViewController.swift */; };
		030EDC271CEBD9820090B3BC /* Main.storyboard in Resources */ = {isa = PBXBuildFile; fileRef = 030EDC251CEBD9820090B3BC /* Main.storyboard */; };
		030EDC291CEBD9820090B3BC /* Assets.xcassets in Resources */ = {isa = PBXBuildFile; fileRef = 030EDC281CEBD9820090B3BC /* Assets.xcassets */; };
		030EDC2C1CEBD9820090B3BC /* LaunchScreen.storyboard in Resources */ = {isa = PBXBuildFile; fileRef = 030EDC2A1CEBD9820090B3BC /* LaunchScreen.storyboard */; };
		030EDC361CEBD9CA0090B3BC /* JLAlertViewController.swift in Sources */ = {isa = PBXBuildFile; fileRef = 030EDC341CEBD9CA0090B3BC /* JLAlertViewController.swift */; };
		030EDC371CEBD9CA0090B3BC /* JLAlertViewController.xib in Resources */ = {isa = PBXBuildFile; fileRef = 030EDC351CEBD9CA0090B3BC /* JLAlertViewController.xib */; };
		034C7BB51CED8A1D00FB8B98 /* JLInputAlertViewController.xib in Resources */ = {isa = PBXBuildFile; fileRef = 034C7BB41CED8A1D00FB8B98 /* JLInputAlertViewController.xib */; };
		034C7BB71CED93D300FB8B98 /* JLAlertTextField.swift in Sources */ = {isa = PBXBuildFile; fileRef = 034C7BB61CED93D300FB8B98 /* JLAlertTextField.swift */; };
/* End PBXBuildFile section */

/* Begin PBXFileReference section */
		030EDC1E1CEBD9820090B3BC /* JLActionController.app */ = {isa = PBXFileReference; explicitFileType = wrapper.application; includeInIndex = 0; path = JLActionController.app; sourceTree = BUILT_PRODUCTS_DIR; };
		030EDC211CEBD9820090B3BC /* AppDelegate.swift */ = {isa = PBXFileReference; lastKnownFileType = sourcecode.swift; path = AppDelegate.swift; sourceTree = "<group>"; };
		030EDC231CEBD9820090B3BC /* ViewController.swift */ = {isa = PBXFileReference; lastKnownFileType = sourcecode.swift; path = ViewController.swift; sourceTree = "<group>"; };
		030EDC261CEBD9820090B3BC /* Base */ = {isa = PBXFileReference; lastKnownFileType = file.storyboard; name = Base; path = Base.lproj/Main.storyboard; sourceTree = "<group>"; };
		030EDC281CEBD9820090B3BC /* Assets.xcassets */ = {isa = PBXFileReference; lastKnownFileType = folder.assetcatalog; path = Assets.xcassets; sourceTree = "<group>"; };
		030EDC2B1CEBD9820090B3BC /* Base */ = {isa = PBXFileReference; lastKnownFileType = file.storyboard; name = Base; path = Base.lproj/LaunchScreen.storyboard; sourceTree = "<group>"; };
		030EDC2D1CEBD9820090B3BC /* Info.plist */ = {isa = PBXFileReference; lastKnownFileType = text.plist.xml; path = Info.plist; sourceTree = "<group>"; };
		030EDC341CEBD9CA0090B3BC /* JLAlertViewController.swift */ = {isa = PBXFileReference; fileEncoding = 4; lastKnownFileType = sourcecode.swift; name = JLAlertViewController.swift; path = "JLActionController Source/JLAlertViewController.swift"; sourceTree = "<group>"; };
		030EDC351CEBD9CA0090B3BC /* JLAlertViewController.xib */ = {isa = PBXFileReference; fileEncoding = 4; lastKnownFileType = file.xib; name = JLAlertViewController.xib; path = "JLActionController Source/JLAlertViewController.xib"; sourceTree = "<group>"; };
		034C7BB41CED8A1D00FB8B98 /* JLInputAlertViewController.xib */ = {isa = PBXFileReference; fileEncoding = 4; lastKnownFileType = file.xib; name = JLInputAlertViewController.xib; path = "JLActionController Source/JLInputAlertViewController.xib"; sourceTree = "<group>"; };
		034C7BB61CED93D300FB8B98 /* JLAlertTextField.swift */ = {isa = PBXFileReference; fileEncoding = 4; lastKnownFileType = sourcecode.swift; name = JLAlertTextField.swift; path = "JLActionController Source/JLAlertTextField.swift"; sourceTree = "<group>"; };
/* End PBXFileReference section */

/* Begin PBXFrameworksBuildPhase section */
		030EDC1B1CEBD9820090B3BC /* Frameworks */ = {
			isa = PBXFrameworksBuildPhase;
			buildActionMask = 2147483647;
			files = (
			);
			runOnlyForDeploymentPostprocessing = 0;
		};
/* End PBXFrameworksBuildPhase section */

/* Begin PBXGroup section */
		030EDC151CEBD9820090B3BC = {
			isa = PBXGroup;
			children = (
				030EDC201CEBD9820090B3BC /* JLActionController */,
				030EDC1F1CEBD9820090B3BC /* Products */,
			);
			sourceTree = "<group>";
		};
		030EDC1F1CEBD9820090B3BC /* Products */ = {
			isa = PBXGroup;
			children = (
				030EDC1E1CEBD9820090B3BC /* JLActionController.app */,
			);
			name = Products;
			sourceTree = "<group>";
		};
		030EDC201CEBD9820090B3BC /* JLActionController */ = {
			isa = PBXGroup;
			children = (
				030EDC331CEBD99E0090B3BC /* JLActionController Source */,
				030EDC211CEBD9820090B3BC /* AppDelegate.swift */,
				030EDC231CEBD9820090B3BC /* ViewController.swift */,
				030EDC251CEBD9820090B3BC /* Main.storyboard */,
				030EDC281CEBD9820090B3BC /* Assets.xcassets */,
				030EDC2A1CEBD9820090B3BC /* LaunchScreen.storyboard */,
				030EDC2D1CEBD9820090B3BC /* Info.plist */,
			);
			path = JLActionController;
			sourceTree = "<group>";
		};
		030EDC331CEBD99E0090B3BC /* JLActionController Source */ = {
			isa = PBXGroup;
			children = (
				030EDC341CEBD9CA0090B3BC /* JLAlertViewController.swift */,
				030EDC351CEBD9CA0090B3BC /* JLAlertViewController.xib */,
				034C7BB41CED8A1D00FB8B98 /* JLInputAlertViewController.xib */,
				034C7BB61CED93D300FB8B98 /* JLAlertTextField.swift */,
			);
			name = "JLActionController Source";
			sourceTree = "<group>";
		};
/* End PBXGroup section */

/* Begin PBXNativeTarget section */
		030EDC1D1CEBD9820090B3BC /* JLActionController */ = {
			isa = PBXNativeTarget;
			buildConfigurationList = 030EDC301CEBD9820090B3BC /* Build configuration list for PBXNativeTarget "JLActionController" */;
			buildPhases = (
				030EDC1A1CEBD9820090B3BC /* Sources */,
				030EDC1B1CEBD9820090B3BC /* Frameworks */,
				030EDC1C1CEBD9820090B3BC /* Resources */,
			);
			buildRules = (
			);
			dependencies = (
			);
			name = JLActionController;
			productName = JLActionController;
			productReference = 030EDC1E1CEBD9820090B3BC /* JLActionController.app */;
			productType = "com.apple.product-type.application";
		};
/* End PBXNativeTarget section */

/* Begin PBXProject section */
		030EDC161CEBD9820090B3BC /* Project object */ = {
			isa = PBXProject;
			attributes = {
				LastSwiftUpdateCheck = 0730;
				LastUpgradeCheck = 0730;
				ORGANIZATIONNAME = "Jason Loewy";
				TargetAttributes = {
					030EDC1D1CEBD9820090B3BC = {
						CreatedOnToolsVersion = 7.3.1;
					};
				};
			};
			buildConfigurationList = 030EDC191CEBD9820090B3BC /* Build configuration list for PBXProject "JLActionController" */;
			compatibilityVersion = "Xcode 3.2";
			developmentRegion = English;
			hasScannedForEncodings = 0;
			knownRegions = (
				en,
				Base,
			);
			mainGroup = 030EDC151CEBD9820090B3BC;
			productRefGroup = 030EDC1F1CEBD9820090B3BC /* Products */;
			projectDirPath = "";
			projectRoot = "";
			targets = (
				030EDC1D1CEBD9820090B3BC /* JLActionController */,
			);
		};
/* End PBXProject section */

/* Begin PBXResourcesBuildPhase section */
		030EDC1C1CEBD9820090B3BC /* Resources */ = {
			isa = PBXResourcesBuildPhase;
			buildActionMask = 2147483647;
			files = (
				034C7BB51CED8A1D00FB8B98 /* JLInputAlertViewController.xib in Resources */,
				030EDC2C1CEBD9820090B3BC /* LaunchScreen.storyboard in Resources */,
				030EDC291CEBD9820090B3BC /* Assets.xcassets in Resources */,
				030EDC371CEBD9CA0090B3BC /* JLAlertViewController.xib in Resources */,
				030EDC271CEBD9820090B3BC /* Main.storyboard in Resources */,
			);
			runOnlyForDeploymentPostprocessing = 0;
		};
/* End PBXResourcesBuildPhase section */

/* Begin PBXSourcesBuildPhase section */
		030EDC1A1CEBD9820090B3BC /* Sources */ = {
			isa = PBXSourcesBuildPhase;
			buildActionMask = 2147483647;
			files = (
				034C7BB71CED93D300FB8B98 /* JLAlertTextField.swift in Sources */,
				030EDC361CEBD9CA0090B3BC /* JLAlertViewController.swift in Sources */,
				030EDC241CEBD9820090B3BC /* ViewController.swift in Sources */,
				030EDC221CEBD9820090B3BC /* AppDelegate.swift in Sources */,
			);
			runOnlyForDeploymentPostprocessing = 0;
		};
/* End PBXSourcesBuildPhase section */

/* Begin PBXVariantGroup section */
		030EDC251CEBD9820090B3BC /* Main.storyboard */ = {
			isa = PBXVariantGroup;
			children = (
				030EDC261CEBD9820090B3BC /* Base */,
			);
			name = Main.storyboard;
			sourceTree = "<group>";
		};
		030EDC2A1CEBD9820090B3BC /* LaunchScreen.storyboard */ = {
			isa = PBXVariantGroup;
			children = (
				030EDC2B1CEBD9820090B3BC /* Base */,
			);
			name = LaunchScreen.storyboard;
			sourceTree = "<group>";
		};
/* End PBXVariantGroup section */

/* Begin XCBuildConfiguration section */
		030EDC2E1CEBD9820090B3BC /* Debug */ = {
			isa = XCBuildConfiguration;
			buildSettings = {
				ALWAYS_SEARCH_USER_PATHS = NO;
				CLANG_ANALYZER_NONNULL = YES;
				CLANG_CXX_LANGUAGE_STANDARD = "gnu++0x";
				CLANG_CXX_LIBRARY = "libc++";
				CLANG_ENABLE_MODULES = YES;
				CLANG_ENABLE_OBJC_ARC = YES;
				CLANG_WARN_BOOL_CONVERSION = YES;
				CLANG_WARN_CONSTANT_CONVERSION = YES;
				CLANG_WARN_DIRECT_OBJC_ISA_USAGE = YES_ERROR;
				CLANG_WARN_EMPTY_BODY = YES;
				CLANG_WARN_ENUM_CONVERSION = YES;
				CLANG_WARN_INT_CONVERSION = YES;
				CLANG_WARN_OBJC_ROOT_CLASS = YES_ERROR;
				CLANG_WARN_UNREACHABLE_CODE = YES;
				CLANG_WARN__DUPLICATE_METHOD_MATCH = YES;
				"CODE_SIGN_IDENTITY[sdk=iphoneos*]" = "iPhone Developer";
				COPY_PHASE_STRIP = NO;
				DEBUG_INFORMATION_FORMAT = dwarf;
				ENABLE_STRICT_OBJC_MSGSEND = YES;
				ENABLE_TESTABILITY = YES;
				GCC_C_LANGUAGE_STANDARD = gnu99;
				GCC_DYNAMIC_NO_PIC = NO;
				GCC_NO_COMMON_BLOCKS = YES;
				GCC_OPTIMIZATION_LEVEL = 0;
				GCC_PREPROCESSOR_DEFINITIONS = (
					"DEBUG=1",
					"$(inherited)",
				);
				GCC_WARN_64_TO_32_BIT_CONVERSION = YES;
				GCC_WARN_ABOUT_RETURN_TYPE = YES_ERROR;
				GCC_WARN_UNDECLARED_SELECTOR = YES;
				GCC_WARN_UNINITIALIZED_AUTOS = YES_AGGRESSIVE;
				GCC_WARN_UNUSED_FUNCTION = YES;
				GCC_WARN_UNUSED_VARIABLE = YES;
				IPHONEOS_DEPLOYMENT_TARGET = 9.3;
				MTL_ENABLE_DEBUG_INFO = YES;
				ONLY_ACTIVE_ARCH = YES;
				SDKROOT = iphoneos;
				SWIFT_OPTIMIZATION_LEVEL = "-Onone";
			};
			name = Debug;
		};
		030EDC2F1CEBD9820090B3BC /* Release */ = {
			isa = XCBuildConfiguration;
			buildSettings = {
				ALWAYS_SEARCH_USER_PATHS = NO;
				CLANG_ANALYZER_NONNULL = YES;
				CLANG_CXX_LANGUAGE_STANDARD = "gnu++0x";
				CLANG_CXX_LIBRARY = "libc++";
				CLANG_ENABLE_MODULES = YES;
				CLANG_ENABLE_OBJC_ARC = YES;
				CLANG_WARN_BOOL_CONVERSION = YES;
				CLANG_WARN_CONSTANT_CONVERSION = YES;
				CLANG_WARN_DIRECT_OBJC_ISA_USAGE = YES_ERROR;
				CLANG_WARN_EMPTY_BODY = YES;
				CLANG_WARN_ENUM_CONVERSION = YES;
				CLANG_WARN_INT_CONVERSION = YES;
				CLANG_WARN_OBJC_ROOT_CLASS = YES_ERROR;
				CLANG_WARN_UNREACHABLE_CODE = YES;
				CLANG_WARN__DUPLICATE_METHOD_MATCH = YES;
				"CODE_SIGN_IDENTITY[sdk=iphoneos*]" = "iPhone Developer";
				COPY_PHASE_STRIP = NO;
				DEBUG_INFORMATION_FORMAT = "dwarf-with-dsym";
				ENABLE_NS_ASSERTIONS = NO;
				ENABLE_STRICT_OBJC_MSGSEND = YES;
				GCC_C_LANGUAGE_STANDARD = gnu99;
				GCC_NO_COMMON_BLOCKS = YES;
				GCC_WARN_64_TO_32_BIT_CONVERSION = YES;
				GCC_WARN_ABOUT_RETURN_TYPE = YES_ERROR;
				GCC_WARN_UNDECLARED_SELECTOR = YES;
				GCC_WARN_UNINITIALIZED_AUTOS = YES_AGGRESSIVE;
				GCC_WARN_UNUSED_FUNCTION = YES;
				GCC_WARN_UNUSED_VARIABLE = YES;
				IPHONEOS_DEPLOYMENT_TARGET = 9.3;
				MTL_ENABLE_DEBUG_INFO = NO;
				SDKROOT = iphoneos;
				VALIDATE_PRODUCT = YES;
			};
			name = Release;
		};
		030EDC311CEBD9820090B3BC /* Debug */ = {
			isa = XCBuildConfiguration;
			buildSettings = {
				ASSETCATALOG_COMPILER_APPICON_NAME = AppIcon;
				INFOPLIST_FILE = JLActionController/Info.plist;
				LD_RUNPATH_SEARCH_PATHS = "$(inherited) @executable_path/Frameworks";
				PRODUCT_BUNDLE_IDENTIFIER = com.textmax.JLActionController;
				PRODUCT_NAME = "$(TARGET_NAME)";
			};
			name = Debug;
		};
		030EDC321CEBD9820090B3BC /* Release */ = {
			isa = XCBuildConfiguration;
			buildSettings = {
				ASSETCATALOG_COMPILER_APPICON_NAME = AppIcon;
				INFOPLIST_FILE = JLActionController/Info.plist;
				LD_RUNPATH_SEARCH_PATHS = "$(inherited) @executable_path/Frameworks";
				PRODUCT_BUNDLE_IDENTIFIER = com.textmax.JLActionController;
				PRODUCT_NAME = "$(TARGET_NAME)";
			};
			name = Release;
		};
/* End XCBuildConfiguration section */

/* Begin XCConfigurationList section */
		030EDC191CEBD9820090B3BC /* Build configuration list for PBXProject "JLActionController" */ = {
			isa = XCConfigurationList;
			buildConfigurations = (
				030EDC2E1CEBD9820090B3BC /* Debug */,
				030EDC2F1CEBD9820090B3BC /* Release */,
			);
			defaultConfigurationIsVisible = 0;
			defaultConfigurationName = Release;
		};
		030EDC301CEBD9820090B3BC /* Build configuration list for PBXNativeTarget "JLActionController" */ = {
			isa = XCConfigurationList;
			buildConfigurations = (
				030EDC311CEBD9820090B3BC /* Debug */,
				030EDC321CEBD9820090B3BC /* Release */,
			);
			defaultConfigurationIsVisible = 0;
			defaultConfigurationName = Release;
		};
/* End XCConfigurationList section */
	};
	rootObject = 030EDC161CEBD9820090B3BC /* Project object */;
}
